
Microsoft Visual Studio Solution File, Format Version 12.00
# Visual Studio Version 16
VisualStudioVersion = 16.0.30320.27
MinimumVisualStudioVersion = 10.0.40219.1
Project("{FAE04EC0-301F-11D3-BF4B-00C04F79EFBC}") = "PastebinInVS", "PastebinInVS\PastebinInVS.csproj", "{B041A6A0-AA05-40C0-AE25-F1DDD20F2E76}"
EndProject
Global
	GlobalSection(SolutionConfigurationPlatforms) = preSolution
		Debug|Any CPU = Debug|Any CPU
		Release|Any CPU = Release|Any CPU
	EndGlobalSection
	GlobalSection(ProjectConfigurationPlatforms) = postSolution
		{B041A6A0-AA05-40C0-AE25-F1DDD20F2E76}.Debug|Any CPU.ActiveCfg = Debug|Any CPU
		{B041A6A0-AA05-40C0-AE25-F1DDD20F2E76}.Debug|Any CPU.Build.0 = Debug|Any CPU
		{B041A6A0-AA05-40C0-AE25-F1DDD20F2E76}.Release|Any CPU.ActiveCfg = Release|Any CPU
		{B041A6A0-AA05-40C0-AE25-F1DDD20F2E76}.Release|Any CPU.Build.0 = Release|Any CPU
	EndGlobalSection
	GlobalSection(SolutionProperties) = preSolution
		HideSolutionNode = FALSE
	EndGlobalSection
	GlobalSection(ExtensibilityGlobals) = postSolution
		SolutionGuid = {3BE8708E-8C65-445B-89A2-0AEDFB733D70}
	EndGlobalSection
EndGlobal
